<?xml version="1.0" encoding="utf-8"?>
<Project ToolsVersion="4.0" xmlns="http://schemas.microsoft.com/developer/msbuild/2003">
  <ItemGroup>
    <Filter Include="Source Files">
      <UniqueIdentifier>{4FC737F1-C7A5-4376-A066-2A32D752A2FF}</UniqueIdentifier>
      <Extensions>cpp;c;cc;cxx;def;odl;idl;hpj;bat;asm;asmx</Extensions>
    </Filter>
    <Filter Include="Header Files">
      <UniqueIdentifier>{93995380-89BD-4b04-88EB-625FBE52EBFB}</UniqueIdentifier>
      <Extensions>h;hh;hpp;hxx;hm;inl;inc;xsd</Extensions>
    </Filter>
    <Filter Include="Resource Files">
      <UniqueIdentifier>{67DA6AB6-F800-4c08-8B7A-83BB121AAD01}</UniqueIdentifier>
      <Extensions>rc;ico;cur;bmp;dlg;rc2;rct;bin;rgs;gif;jpg;jpeg;jpe;resx;tiff;tif;png;wav</Extensions>
    </Filter>
  </ItemGroup>
  <ItemGroup>
    <ClCompile Include="Source.cpp">
      <Filter>Source Files</Filter>
    </ClCompile>
    <ClCompile Include="elements\C.cpp">
      <Filter>Source Files</Filter>
    </ClCompile>
    <ClCompile Include="elements\Element.cpp">
      <Filter>Source Files</Filter>
    </ClCompile>
    <ClCompile Include="elements\I.cpp">
      <Filter>Source Files</Filter>
    </ClCompile>
    <ClCompile Include="elements\L.cpp">
      <Filter>Source Files</Filter>
    </ClCompile>
    <ClCompile Include="elements\Loop.cpp">
      <Filter>Source Files</Filter>
    </ClCompile>
    <ClCompile Include="elements\Node.cpp">
      <Filter>Source Files</Filter>
    </ClCompile>
    <ClCompile Include="elements\R.cpp">
      <Filter>Source Files</Filter>
    </ClCompile>
    <ClCompile Include="elements\V.cpp">
      <Filter>Source Files</Filter>
    </ClCompile>
    <ClCompile Include="manager\Manager.cpp">
      <Filter>Source Files</Filter>
    </ClCompile>
    <ClCompile Include="math\ComplexMatrix.cpp">
      <Filter>Source Files</Filter>
    </ClCompile>
    <ClCompile Include="math\LinearSystem.cpp">
      <Filter>Source Files</Filter>
    </ClCompile>
    <ClCompile Include="math\Math.cpp">
      <Filter>Source Files</Filter>
    </ClCompile>
  </ItemGroup>
  <ItemGroup>
    <ClInclude Include="elements\C.h">
      <Filter>Header Files</Filter>
    </ClInclude>
    <ClInclude Include="elements\Element.h">
      <Filter>Header Files</Filter>
    </ClInclude>
    <ClInclude Include="elements\I.h">
      <Filter>Header Files</Filter>
    </ClInclude>
    <ClInclude Include="elements\L.h">
      <Filter>Header Files</Filter>
    </ClInclude>
    <ClInclude Include="elements\Loop.h">
      <Filter>Header Files</Filter>
    </ClInclude>
    <ClInclude Include="elements\Node.h">
      <Filter>Header Files</Filter>
    </ClInclude>
    <ClInclude Include="elements\R.h">
      <Filter>Header Files</Filter>
    </ClInclude>
    <ClInclude Include="elements\V.h">
      <Filter>Header Files</Filter>
    </ClInclude>
    <ClInclude Include="manager\Manager.h">
      <Filter>Header Files</Filter>
    </ClInclude>
    <ClInclude Include="math\ComplexMatrix.h">
      <Filter>Header Files</Filter>
    </ClInclude>
    <ClInclude Include="math\LinearSystem.h">
      <Filter>Header Files</Filter>
    </ClInclude>
    <ClInclude Include="math\Math.h">
      <Filter>Header Files</Filter>
    </ClInclude>
  </ItemGroup>
</Project>