<?xml version="1.0" encoding="utf-8"?>
<Project ToolsVersion="4.0" xmlns="http://schemas.microsoft.com/developer/msbuild/2003">
  <ItemGroup>
    <ClCompile Include="Manager.cpp" />
    <ClCompile Include="ComplexMatrix.cpp">
      <Filter>Math Classes</Filter>
    </ClCompile>
    <ClCompile Include="LinearSystem.cpp">
      <Filter>Math Classes</Filter>
    </ClCompile>
    <ClCompile Include="..\operation classes\matrix.cpp">
      <Filter>Math Classes</Filter>
    </ClCompile>
    <ClCompile Include="C.cpp">
      <Filter>Circuit Elements</Filter>
    </ClCompile>
    <ClCompile Include="Element.cpp">
      <Filter>Circuit Elements</Filter>
    </ClCompile>
    <ClCompile Include="I.cpp">
      <Filter>Circuit Elements</Filter>
    </ClCompile>
    <ClCompile Include="L.cpp">
      <Filter>Circuit Elements</Filter>
    </ClCompile>
    <ClCompile Include="Loop.cpp">
      <Filter>Circuit Elements</Filter>
    </ClCompile>
    <ClCompile Include="V.cpp">
      <Filter>Circuit Elements</Filter>
    </ClCompile>
    <ClCompile Include="R.cpp">
      <Filter>Circuit Elements</Filter>
    </ClCompile>
    <ClCompile Include="Node.cpp">
      <Filter>Circuit Elements</Filter>
    </ClCompile>
  </ItemGroup>
  <ItemGroup>
    <ClInclude Include="Manager.h" />
    <ClInclude Include="ComplexMatrix.h">
      <Filter>Math Classes</Filter>
    </ClInclude>
    <ClInclude Include="LinearSystem.h">
      <Filter>Math Classes</Filter>
    </ClInclude>
    <ClInclude Include="..\operation classes\matrix.h">
      <Filter>Math Classes</Filter>
    </ClInclude>
    <ClInclude Include="C.h">
      <Filter>Circuit Elements</Filter>
    </ClInclude>
    <ClInclude Include="Element.h">
      <Filter>Circuit Elements</Filter>
    </ClInclude>
    <ClInclude Include="I.h">
      <Filter>Circuit Elements</Filter>
    </ClInclude>
    <ClInclude Include="L.h">
      <Filter>Circuit Elements</Filter>
    </ClInclude>
    <ClInclude Include="Loop.h">
      <Filter>Circuit Elements</Filter>
    </ClInclude>
    <ClInclude Include="Math.h">
      <Filter>Math Classes</Filter>
    </ClInclude>
    <ClInclude Include="V.h">
      <Filter>Circuit Elements</Filter>
    </ClInclude>
    <ClInclude Include="R.h">
      <Filter>Circuit Elements</Filter>
    </ClInclude>
    <ClInclude Include="Node.h">
      <Filter>Circuit Elements</Filter>
    </ClInclude>
  </ItemGroup>
  <ItemGroup>
    <Filter Include="Math Classes">
      <UniqueIdentifier>{64b184df-c1df-4319-9ed4-aed1efd6e234}</UniqueIdentifier>
    </Filter>
    <Filter Include="Circuit Elements">
      <UniqueIdentifier>{ecf78502-a4f2-4d7a-b174-092afb57d0e2}</UniqueIdentifier>
    </Filter>
  </ItemGroup>
</Project>